<?xml version="1.0" encoding="utf-8"?>
<Project ToolsVersion="4.0" xmlns="http://schemas.microsoft.com/developer/msbuild/2003">
  <ItemGroup>
    <Filter Include="src">
      <UniqueIdentifier>{D6C00974-BEFE-5649-860C-1DE2A5B43DD8}</UniqueIdentifier>
    </Filter>
    <Filter Include="src\LinearMath">
      <UniqueIdentifier>{C0EC9203-1361-C744-93D7-9588B520AA87}</UniqueIdentifier>
    </Filter>
  </ItemGroup>
  <ItemGroup>
    <ClInclude Include="..\..\Source\BulletPhysics\LinearMath\btAabbUtil2.h">
      <Filter>src\LinearMath</Filter>
    </ClInclude>
    <ClInclude Include="..\..\Source\BulletPhysics\LinearMath\btAlignedAllocator.h">
      <Filter>src\LinearMath</Filter>
    </ClInclude>
    <ClInclude Include="..\..\Source\BulletPhysics\LinearMath\btAlignedObjectArray.h">
      <Filter>src\LinearMath</Filter>
    </ClInclude>
    <ClInclude Include="..\..\Source\BulletPhysics\LinearMath\btConvexHull.h">
      <Filter>src\LinearMath</Filter>
    </ClInclude>
    <ClInclude Include="..\..\Source\BulletPhysics\LinearMath\btConvexHullComputer.h">
      <Filter>src\LinearMath</Filter>
    </ClInclude>
    <ClInclude Include="..\..\Source\BulletPhysics\LinearMath\btDefaultMotionState.h">
      <Filter>src\LinearMath</Filter>
    </ClInclude>
    <ClInclude Include="..\..\Source\BulletPhysics\LinearMath\btGeometryUtil.h">
      <Filter>src\LinearMath</Filter>
    </ClInclude>
    <ClInclude Include="..\..\Source\BulletPhysics\LinearMath\btGrahamScan2dConvexHull.h">
      <Filter>src\LinearMath</Filter>
    </ClInclude>
    <ClInclude Include="..\..\Source\BulletPhysics\LinearMath\btHashMap.h">
      <Filter>src\LinearMath</Filter>
    </ClInclude>
    <ClInclude Include="..\..\Source\BulletPhysics\LinearMath\btIDebugDraw.h">
      <Filter>src\LinearMath</Filter>
    </ClInclude>
    <ClInclude Include="..\..\Source\BulletPhysics\LinearMath\btList.h">
      <Filter>src\LinearMath</Filter>
    </ClInclude>
    <ClInclude Include="..\..\Source\BulletPhysics\LinearMath\btMatrix3x3.h">
      <Filter>src\LinearMath</Filter>
    </ClInclude>
    <ClInclude Include="..\..\Source\BulletPhysics\LinearMath\btMatrixX.h">
      <Filter>src\LinearMath</Filter>
    </ClInclude>
    <ClInclude Include="..\..\Source\BulletPhysics\LinearMath\btMinMax.h">
      <Filter>src\LinearMath</Filter>
    </ClInclude>
    <ClInclude Include="..\..\Source\BulletPhysics\LinearMath\btMotionState.h">
      <Filter>src\LinearMath</Filter>
    </ClInclude>
    <ClInclude Include="..\..\Source\BulletPhysics\LinearMath\btPolarDecomposition.h">
      <Filter>src\LinearMath</Filter>
    </ClInclude>
    <ClInclude Include="..\..\Source\BulletPhysics\LinearMath\btPoolAllocator.h">
      <Filter>src\LinearMath</Filter>
    </ClInclude>
    <ClInclude Include="..\..\Source\BulletPhysics\LinearMath\btQuadWord.h">
      <Filter>src\LinearMath</Filter>
    </ClInclude>
    <ClInclude Include="..\..\Source\BulletPhysics\LinearMath\btQuaternion.h">
      <Filter>src\LinearMath</Filter>
    </ClInclude>
    <ClInclude Include="..\..\Source\BulletPhysics\LinearMath\btQuickprof.h">
      <Filter>src\LinearMath</Filter>
    </ClInclude>
    <ClInclude Include="..\..\Source\BulletPhysics\LinearMath\btRandom.h">
      <Filter>src\LinearMath</Filter>
    </ClInclude>
    <ClInclude Include="..\..\Source\BulletPhysics\LinearMath\btScalar.h">
      <Filter>src\LinearMath</Filter>
    </ClInclude>
    <ClInclude Include="..\..\Source\BulletPhysics\LinearMath\btSerializer.h">
      <Filter>src\LinearMath</Filter>
    </ClInclude>
    <ClInclude Include="..\..\Source\BulletPhysics\LinearMath\btStackAlloc.h">
      <Filter>src\LinearMath</Filter>
    </ClInclude>
    <ClInclude Include="..\..\Source\BulletPhysics\LinearMath\btTransform.h">
      <Filter>src\LinearMath</Filter>
    </ClInclude>
    <ClInclude Include="..\..\Source\BulletPhysics\LinearMath\btTransformUtil.h">
      <Filter>src\LinearMath</Filter>
    </ClInclude>
    <ClInclude Include="..\..\Source\BulletPhysics\LinearMath\btVector3.h">
      <Filter>src\LinearMath</Filter>
    </ClInclude>
  </ItemGroup>
  <ItemGroup>
    <ClCompile Include="..\..\Source\BulletPhysics\LinearMath\btAlignedAllocator.cpp">
      <Filter>src\LinearMath</Filter>
    </ClCompile>
    <ClCompile Include="..\..\Source\BulletPhysics\LinearMath\btConvexHull.cpp">
      <Filter>src\LinearMath</Filter>
    </ClCompile>
    <ClCompile Include="..\..\Source\BulletPhysics\LinearMath\btConvexHullComputer.cpp">
      <Filter>src\LinearMath</Filter>
    </ClCompile>
    <ClCompile Include="..\..\Source\BulletPhysics\LinearMath\btGeometryUtil.cpp">
      <Filter>src\LinearMath</Filter>
    </ClCompile>
    <ClCompile Include="..\..\Source\BulletPhysics\LinearMath\btPolarDecomposition.cpp">
      <Filter>src\LinearMath</Filter>
    </ClCompile>
    <ClCompile Include="..\..\Source\BulletPhysics\LinearMath\btQuickprof.cpp">
      <Filter>src\LinearMath</Filter>
    </ClCompile>
    <ClCompile Include="..\..\Source\BulletPhysics\LinearMath\btSerializer.cpp">
      <Filter>src\LinearMath</Filter>
    </ClCompile>
    <ClCompile Include="..\..\Source\BulletPhysics\LinearMath\btVector3.cpp">
      <Filter>src\LinearMath</Filter>
    </ClCompile>
  </ItemGroup>
</Project>