
Microsoft Visual Studio Solution File, Format Version 12.00
# Visual Studio 2013
VisualStudioVersion = 12.0.30723.0
MinimumVisualStudioVersion = 10.0.40219.1
Project("{8BC9CEB8-8B4A-11D0-8D11-00A0C91BC942}") = "QuicksandEngine", "QuicksandEngine\QuicksandEngine.vcxproj", "{76F97A8B-C1C5-4294-B716-D3FD3AACB099}"
EndProject
Project("{2150E333-8FDC-42A3-9474-1A3956D46DE8}") = ".nuget", ".nuget", "{8B980564-27EB-4713-A8A5-E6E14F057400}"
	ProjectSection(SolutionItems) = preProject
		.nuget\NuGet.Config = .nuget\NuGet.Config
		.nuget\NuGet.exe = .nuget\NuGet.exe
		.nuget\NuGet.targets = .nuget\NuGet.targets
	EndProjectSection
EndProject
Project("{8BC9CEB8-8B4A-11D0-8D11-00A0C91BC942}") = "ObjGLUF", "ObjGLUF\ObjGLUF.vcxproj", "{06DDD1C2-D673-4A97-ABA7-C5C1DD72C875}"
EndProject
Project("{8BC9CEB8-8B4A-11D0-8D11-00A0C91BC942}") = "BulletCollision", "Bullet\BulletCollision.vcxproj", "{DA88B8C3-BC36-0C4C-8364-F4BE59A2C98E}"
EndProject
Project("{8BC9CEB8-8B4A-11D0-8D11-00A0C91BC942}") = "BulletDynamics", "Bullet\BulletDynamics.vcxproj", "{A48BEC65-B241-7F4E-92BB-25328C769ACE}"
EndProject
Project("{8BC9CEB8-8B4A-11D0-8D11-00A0C91BC942}") = "BulletSoftBody", "Bullet\BulletSoftBody.vcxproj", "{25913F80-4A7A-D34C-9FE4-C54DB232AC6A}"
EndProject
Project("{8BC9CEB8-8B4A-11D0-8D11-00A0C91BC942}") = "ConvexDecomposition", "Bullet\ConvexDecomposition.vcxproj", "{9F237AE8-6F61-6249-9AC3-E797479648C8}"
EndProject
Project("{8BC9CEB8-8B4A-11D0-8D11-00A0C91BC942}") = "HACD", "Bullet\HACD.vcxproj", "{55BA09A5-0BDD-E94C-9831-893A5FC347A7}"
EndProject
Project("{8BC9CEB8-8B4A-11D0-8D11-00A0C91BC942}") = "LinearMath", "Bullet\LinearMath.vcxproj", "{25A1937A-D0F1-A348-82A6-BF1036C32F4C}"
EndProject
Project("{2150E333-8FDC-42A3-9474-1A3956D46DE8}") = "Libs", "Libs", "{4DBF0975-9723-46FB-B0BA-9F31E16B7D3B}"
EndProject
Project("{2150E333-8FDC-42A3-9474-1A3956D46DE8}") = "Apps", "Apps", "{A363D5CE-383F-474F-9640-65AB40FD628A}"
EndProject
Project("{8BC9CEB8-8B4A-11D0-8D11-00A0C91BC942}") = "TeapotWars", "TeapotWars\TeapotWars.vcxproj", "{CA126387-3EC7-40CB-94EA-85E25C187199}"
EndProject
Project("{8BC9CEB8-8B4A-11D0-8D11-00A0C91BC942}") = "LuaPlus", "LuaPlus\LuaPlus.vcxproj", "{5F29389D-00D0-41BC-B961-99BD2DFB5822}"
EndProject
Project("{8BC9CEB8-8B4A-11D0-8D11-00A0C91BC942}") = "zlib", "zlib\zlib.vcxproj", "{8492550D-6F90-4B04-BA35-B9DCBD25C1FA}"
EndProject
Global
	GlobalSection(SolutionConfigurationPlatforms) = preSolution
		Debug|Win32 = Debug|Win32
		Debug|x64 = Debug|x64
		Release|Win32 = Release|Win32
		Release|x64 = Release|x64
	EndGlobalSection
	GlobalSection(ProjectConfigurationPlatforms) = postSolution
		{76F97A8B-C1C5-4294-B716-D3FD3AACB099}.Debug|Win32.ActiveCfg = Debug|Win32
		{76F97A8B-C1C5-4294-B716-D3FD3AACB099}.Debug|Win32.Build.0 = Debug|Win32
		{76F97A8B-C1C5-4294-B716-D3FD3AACB099}.Debug|x64.ActiveCfg = Debug|x64
		{76F97A8B-C1C5-4294-B716-D3FD3AACB099}.Debug|x64.Build.0 = Debug|x64
		{76F97A8B-C1C5-4294-B716-D3FD3AACB099}.Release|Win32.ActiveCfg = Release|Win32
		{76F97A8B-C1C5-4294-B716-D3FD3AACB099}.Release|Win32.Build.0 = Release|Win32
		{76F97A8B-C1C5-4294-B716-D3FD3AACB099}.Release|x64.ActiveCfg = Release|x64
		{76F97A8B-C1C5-4294-B716-D3FD3AACB099}.Release|x64.Build.0 = Release|x64
		{06DDD1C2-D673-4A97-ABA7-C5C1DD72C875}.Debug|Win32.ActiveCfg = Debug|Win32
		{06DDD1C2-D673-4A97-ABA7-C5C1DD72C875}.Debug|Win32.Build.0 = Debug|Win32
		{06DDD1C2-D673-4A97-ABA7-C5C1DD72C875}.Debug|x64.ActiveCfg = Debug|x64
		{06DDD1C2-D673-4A97-ABA7-C5C1DD72C875}.Debug|x64.Build.0 = Debug|x64
		{06DDD1C2-D673-4A97-ABA7-C5C1DD72C875}.Release|Win32.ActiveCfg = Release|Win32
		{06DDD1C2-D673-4A97-ABA7-C5C1DD72C875}.Release|Win32.Build.0 = Release|Win32
		{06DDD1C2-D673-4A97-ABA7-C5C1DD72C875}.Release|x64.ActiveCfg = Release|x64
		{06DDD1C2-D673-4A97-ABA7-C5C1DD72C875}.Release|x64.Build.0 = Release|x64
		{DA88B8C3-BC36-0C4C-8364-F4BE59A2C98E}.Debug|Win32.ActiveCfg = Debug|Win32
		{DA88B8C3-BC36-0C4C-8364-F4BE59A2C98E}.Debug|Win32.Build.0 = Debug|Win32
		{DA88B8C3-BC36-0C4C-8364-F4BE59A2C98E}.Debug|x64.ActiveCfg = Debug|x64
		{DA88B8C3-BC36-0C4C-8364-F4BE59A2C98E}.Debug|x64.Build.0 = Debug|x64
		{DA88B8C3-BC36-0C4C-8364-F4BE59A2C98E}.Release|Win32.ActiveCfg = Release|Win32
		{DA88B8C3-BC36-0C4C-8364-F4BE59A2C98E}.Release|Win32.Build.0 = Release|Win32
		{DA88B8C3-BC36-0C4C-8364-F4BE59A2C98E}.Release|x64.ActiveCfg = Release|x64
		{DA88B8C3-BC36-0C4C-8364-F4BE59A2C98E}.Release|x64.Build.0 = Release|x64
		{A48BEC65-B241-7F4E-92BB-25328C769ACE}.Debug|Win32.ActiveCfg = Debug|Win32
		{A48BEC65-B241-7F4E-92BB-25328C769ACE}.Debug|Win32.Build.0 = Debug|Win32
		{A48BEC65-B241-7F4E-92BB-25328C769ACE}.Debug|x64.ActiveCfg = Debug|x64
		{A48BEC65-B241-7F4E-92BB-25328C769ACE}.Debug|x64.Build.0 = Debug|x64
		{A48BEC65-B241-7F4E-92BB-25328C769ACE}.Release|Win32.ActiveCfg = Release|Win32
		{A48BEC65-B241-7F4E-92BB-25328C769ACE}.Release|Win32.Build.0 = Release|Win32
		{A48BEC65-B241-7F4E-92BB-25328C769ACE}.Release|x64.ActiveCfg = Release|x64
		{A48BEC65-B241-7F4E-92BB-25328C769ACE}.Release|x64.Build.0 = Release|x64
		{25913F80-4A7A-D34C-9FE4-C54DB232AC6A}.Debug|Win32.ActiveCfg = Debug|Win32
		{25913F80-4A7A-D34C-9FE4-C54DB232AC6A}.Debug|Win32.Build.0 = Debug|Win32
		{25913F80-4A7A-D34C-9FE4-C54DB232AC6A}.Debug|x64.ActiveCfg = Debug|x64
		{25913F80-4A7A-D34C-9FE4-C54DB232AC6A}.Debug|x64.Build.0 = Debug|x64
		{25913F80-4A7A-D34C-9FE4-C54DB232AC6A}.Release|Win32.ActiveCfg = Release|Win32
		{25913F80-4A7A-D34C-9FE4-C54DB232AC6A}.Release|Win32.Build.0 = Release|Win32
		{25913F80-4A7A-D34C-9FE4-C54DB232AC6A}.Release|x64.ActiveCfg = Release|x64
		{25913F80-4A7A-D34C-9FE4-C54DB232AC6A}.Release|x64.Build.0 = Release|x64
		{9F237AE8-6F61-6249-9AC3-E797479648C8}.Debug|Win32.ActiveCfg = Debug|Win32
		{9F237AE8-6F61-6249-9AC3-E797479648C8}.Debug|Win32.Build.0 = Debug|Win32
		{9F237AE8-6F61-6249-9AC3-E797479648C8}.Debug|x64.ActiveCfg = Debug|x64
		{9F237AE8-6F61-6249-9AC3-E797479648C8}.Debug|x64.Build.0 = Debug|x64
		{9F237AE8-6F61-6249-9AC3-E797479648C8}.Release|Win32.ActiveCfg = Release|Win32
		{9F237AE8-6F61-6249-9AC3-E797479648C8}.Release|Win32.Build.0 = Release|Win32
		{9F237AE8-6F61-6249-9AC3-E797479648C8}.Release|x64.ActiveCfg = Release|x64
		{9F237AE8-6F61-6249-9AC3-E797479648C8}.Release|x64.Build.0 = Release|x64
		{55BA09A5-0BDD-E94C-9831-893A5FC347A7}.Debug|Win32.ActiveCfg = Debug|Win32
		{55BA09A5-0BDD-E94C-9831-893A5FC347A7}.Debug|Win32.Build.0 = Debug|Win32
		{55BA09A5-0BDD-E94C-9831-893A5FC347A7}.Debug|x64.ActiveCfg = Debug|x64
		{55BA09A5-0BDD-E94C-9831-893A5FC347A7}.Debug|x64.Build.0 = Debug|x64
		{55BA09A5-0BDD-E94C-9831-893A5FC347A7}.Release|Win32.ActiveCfg = Release|Win32
		{55BA09A5-0BDD-E94C-9831-893A5FC347A7}.Release|Win32.Build.0 = Release|Win32
		{55BA09A5-0BDD-E94C-9831-893A5FC347A7}.Release|x64.ActiveCfg = Release|x64
		{55BA09A5-0BDD-E94C-9831-893A5FC347A7}.Release|x64.Build.0 = Release|x64
		{25A1937A-D0F1-A348-82A6-BF1036C32F4C}.Debug|Win32.ActiveCfg = Debug|Win32
		{25A1937A-D0F1-A348-82A6-BF1036C32F4C}.Debug|Win32.Build.0 = Debug|Win32
		{25A1937A-D0F1-A348-82A6-BF1036C32F4C}.Debug|x64.ActiveCfg = Debug|x64
		{25A1937A-D0F1-A348-82A6-BF1036C32F4C}.Debug|x64.Build.0 = Debug|x64
		{25A1937A-D0F1-A348-82A6-BF1036C32F4C}.Release|Win32.ActiveCfg = Release|Win32
		{25A1937A-D0F1-A348-82A6-BF1036C32F4C}.Release|Win32.Build.0 = Release|Win32
		{25A1937A-D0F1-A348-82A6-BF1036C32F4C}.Release|x64.ActiveCfg = Release|x64
		{25A1937A-D0F1-A348-82A6-BF1036C32F4C}.Release|x64.Build.0 = Release|x64
		{CA126387-3EC7-40CB-94EA-85E25C187199}.Debug|Win32.ActiveCfg = Debug|Win32
		{CA126387-3EC7-40CB-94EA-85E25C187199}.Debug|Win32.Build.0 = Debug|Win32
		{CA126387-3EC7-40CB-94EA-85E25C187199}.Debug|x64.ActiveCfg = Debug|x64
		{CA126387-3EC7-40CB-94EA-85E25C187199}.Debug|x64.Build.0 = Debug|x64
		{CA126387-3EC7-40CB-94EA-85E25C187199}.Release|Win32.ActiveCfg = Release|Win32
		{CA126387-3EC7-40CB-94EA-85E25C187199}.Release|Win32.Build.0 = Release|Win32
		{CA126387-3EC7-40CB-94EA-85E25C187199}.Release|x64.ActiveCfg = Release|x64
		{CA126387-3EC7-40CB-94EA-85E25C187199}.Release|x64.Build.0 = Release|x64
		{5F29389D-00D0-41BC-B961-99BD2DFB5822}.Debug|Win32.ActiveCfg = Debug|Win32
		{5F29389D-00D0-41BC-B961-99BD2DFB5822}.Debug|Win32.Build.0 = Debug|Win32
		{5F29389D-00D0-41BC-B961-99BD2DFB5822}.Debug|x64.ActiveCfg = Debug|x64
		{5F29389D-00D0-41BC-B961-99BD2DFB5822}.Debug|x64.Build.0 = Debug|x64
		{5F29389D-00D0-41BC-B961-99BD2DFB5822}.Release|Win32.ActiveCfg = Release|Win32
		{5F29389D-00D0-41BC-B961-99BD2DFB5822}.Release|Win32.Build.0 = Release|Win32
		{5F29389D-00D0-41BC-B961-99BD2DFB5822}.Release|x64.ActiveCfg = Release|x64
		{5F29389D-00D0-41BC-B961-99BD2DFB5822}.Release|x64.Build.0 = Release|x64
		{8492550D-6F90-4B04-BA35-B9DCBD25C1FA}.Debug|Win32.ActiveCfg = Debug|Win32
		{8492550D-6F90-4B04-BA35-B9DCBD25C1FA}.Debug|Win32.Build.0 = Debug|Win32
		{8492550D-6F90-4B04-BA35-B9DCBD25C1FA}.Debug|x64.ActiveCfg = Debug|x64
		{8492550D-6F90-4B04-BA35-B9DCBD25C1FA}.Debug|x64.Build.0 = Debug|x64
		{8492550D-6F90-4B04-BA35-B9DCBD25C1FA}.Release|Win32.ActiveCfg = Release|Win32
		{8492550D-6F90-4B04-BA35-B9DCBD25C1FA}.Release|Win32.Build.0 = Release|Win32
		{8492550D-6F90-4B04-BA35-B9DCBD25C1FA}.Release|x64.ActiveCfg = Release|x64
		{8492550D-6F90-4B04-BA35-B9DCBD25C1FA}.Release|x64.Build.0 = Release|x64
	EndGlobalSection
	GlobalSection(SolutionProperties) = preSolution
		HideSolutionNode = FALSE
	EndGlobalSection
	GlobalSection(NestedProjects) = preSolution
		{DA88B8C3-BC36-0C4C-8364-F4BE59A2C98E} = {4DBF0975-9723-46FB-B0BA-9F31E16B7D3B}
		{A48BEC65-B241-7F4E-92BB-25328C769ACE} = {4DBF0975-9723-46FB-B0BA-9F31E16B7D3B}
		{25913F80-4A7A-D34C-9FE4-C54DB232AC6A} = {4DBF0975-9723-46FB-B0BA-9F31E16B7D3B}
		{9F237AE8-6F61-6249-9AC3-E797479648C8} = {4DBF0975-9723-46FB-B0BA-9F31E16B7D3B}
		{55BA09A5-0BDD-E94C-9831-893A5FC347A7} = {4DBF0975-9723-46FB-B0BA-9F31E16B7D3B}
		{25A1937A-D0F1-A348-82A6-BF1036C32F4C} = {4DBF0975-9723-46FB-B0BA-9F31E16B7D3B}
		{CA126387-3EC7-40CB-94EA-85E25C187199} = {A363D5CE-383F-474F-9640-65AB40FD628A}
		{5F29389D-00D0-41BC-B961-99BD2DFB5822} = {4DBF0975-9723-46FB-B0BA-9F31E16B7D3B}
		{8492550D-6F90-4B04-BA35-B9DCBD25C1FA} = {4DBF0975-9723-46FB-B0BA-9F31E16B7D3B}
	EndGlobalSection
EndGlobal
